
Microsoft Visual Studio Solution File, Format Version 12.00
# Visual Studio 15
Project("{FAE04EC0-301F-11D3-BF4B-00C04F79EFBC}") = "TheEasyGame", "TheEasyGame\TheEasyGame.csproj", "{1C402775-7561-461E-85CD-60B4327C31D7}"
EndProject
Global
	GlobalSection(SolutionConfigurationPlatforms) = preSolution
		Debug|Any CPU = Debug|Any CPU
		Release|Any CPU = Release|Any CPU
	EndGlobalSection
	GlobalSection(ProjectConfigurationPlatforms) = postSolution
		{1C402775-7561-461E-85CD-60B4327C31D7}.Debug|Any CPU.ActiveCfg = Debug|Any CPU
		{1C402775-7561-461E-85CD-60B4327C31D7}.Debug|Any CPU.Build.0 = Debug|Any CPU
		{1C402775-7561-461E-85CD-60B4327C31D7}.Release|Any CPU.ActiveCfg = Release|Any CPU
		{1C402775-7561-461E-85CD-60B4327C31D7}.Release|Any CPU.Build.0 = Release|Any CPU
	EndGlobalSection
EndGlobal
